// !$*UTF8*$!
{
	archiveVersion = 1;
	classes = {
	};
	objectVersion = 46;
	objects = {

/* Begin PBXBuildFile section */
		36C1803FE2E4DBA3987AD34C /* Pods_MessagesCollectionViewTests.framework in Frameworks */ = {isa = PBXBuildFile; fileRef = 204679E4AF12DD34D5CEBB82 /* Pods_MessagesCollectionViewTests.framework */; };
		3E24831D1C9ACF0400C167EA /* main.m in Sources */ = {isa = PBXBuildFile; fileRef = 3E24831C1C9ACF0400C167EA /* main.m */; };
		3E2483201C9ACF0400C167EA /* AppDelegate.m in Sources */ = {isa = PBXBuildFile; fileRef = 3E24831F1C9ACF0400C167EA /* AppDelegate.m */; };
		3E2483261C9ACF0500C167EA /* Main.storyboard in Resources */ = {isa = PBXBuildFile; fileRef = 3E2483241C9ACF0500C167EA /* Main.storyboard */; };
		3E2483281C9ACF0500C167EA /* Assets.xcassets in Resources */ = {isa = PBXBuildFile; fileRef = 3E2483271C9ACF0500C167EA /* Assets.xcassets */; };
		3E24832B1C9ACF0500C167EA /* LaunchScreen.storyboard in Resources */ = {isa = PBXBuildFile; fileRef = 3E2483291C9ACF0500C167EA /* LaunchScreen.storyboard */; };
		3E2483441C9ACF2F00C167EA /* VIOSMessagesCollectionViewController.m in Sources */ = {isa = PBXBuildFile; fileRef = 3E2483411C9ACF2F00C167EA /* VIOSMessagesCollectionViewController.m */; };
		3E2483451C9ACF2F00C167EA /* VIOSMessagesCollectionViewLayout.m in Sources */ = {isa = PBXBuildFile; fileRef = 3E2483431C9ACF2F00C167EA /* VIOSMessagesCollectionViewLayout.m */; };
		3E2483481C9ACF6A00C167EA /* VIOSMessagesCollectionView.m in Sources */ = {isa = PBXBuildFile; fileRef = 3E2483471C9ACF6A00C167EA /* VIOSMessagesCollectionView.m */; };
		3E24834B1C9ACF9800C167EA /* VIOSChatCell.m in Sources */ = {isa = PBXBuildFile; fileRef = 3E24834A1C9ACF9800C167EA /* VIOSChatCell.m */; };
		3E24834E1C9ACFAB00C167EA /* VIOSChatPresenter.m in Sources */ = {isa = PBXBuildFile; fileRef = 3E24834D1C9ACFAB00C167EA /* VIOSChatPresenter.m */; };
		3E24835F1C9AD0D600C167EA /* VIOSChatMessageEntity.mm in Sources */ = {isa = PBXBuildFile; fileRef = 3E24835D1C9AD0D600C167EA /* VIOSChatMessageEntity.mm */; };
		3E2483631C9AE77300C167EA /* VIOSChatLayoutMaker.m in Sources */ = {isa = PBXBuildFile; fileRef = 3E2483621C9AE77300C167EA /* VIOSChatLayoutMaker.m */; };
		3E2483681C9C0FAE00C167EA /* Podfile in Resources */ = {isa = PBXBuildFile; fileRef = 3E2483671C9C0FAE00C167EA /* Podfile */; };
		3E24836A1C9C155C00C167EA /* VIOSLayoutMakerSpecs.m in Sources */ = {isa = PBXBuildFile; fileRef = 3E2483691C9C155C00C167EA /* VIOSLayoutMakerSpecs.m */; };
		3E24836E1C9C646000C167EA /* VIOSLayoutAttributesItemObject.m in Sources */ = {isa = PBXBuildFile; fileRef = 3E24836D1C9C646000C167EA /* VIOSLayoutAttributesItemObject.m */; };
		3E5C60351CA00B200016B16B /* LayoutSourceItemStub.m in Sources */ = {isa = PBXBuildFile; fileRef = 3E5C60341CA00B200016B16B /* LayoutSourceItemStub.m */; };
		3E5C60381CA0457F0016B16B /* VIOSMessagesCollectionViewController+Scrolling.m in Sources */ = {isa = PBXBuildFile; fileRef = 3E5C60371CA0457F0016B16B /* VIOSMessagesCollectionViewController+Scrolling.m */; };
/* End PBXBuildFile section */

/* Begin PBXContainerItemProxy section */
		3E2483321C9ACF0500C167EA /* PBXContainerItemProxy */ = {
			isa = PBXContainerItemProxy;
			containerPortal = 3E2483101C9ACF0400C167EA /* Project object */;
			proxyType = 1;
			remoteGlobalIDString = 3E2483171C9ACF0400C167EA;
			remoteInfo = MessagesCollectionView;
		};
/* End PBXContainerItemProxy section */

/* Begin PBXFileReference section */
		204679E4AF12DD34D5CEBB82 /* Pods_MessagesCollectionViewTests.framework */ = {isa = PBXFileReference; explicitFileType = wrapper.framework; includeInIndex = 0; path = Pods_MessagesCollectionViewTests.framework; sourceTree = BUILT_PRODUCTS_DIR; };
		2980EC3E722C602727755BFF /* Pods-MessagesCollectionViewTests.debug.xcconfig */ = {isa = PBXFileReference; includeInIndex = 1; lastKnownFileType = text.xcconfig; name = "Pods-MessagesCollectionViewTests.debug.xcconfig"; path = "Pods/Target Support Files/Pods-MessagesCollectionViewTests/Pods-MessagesCollectionViewTests.debug.xcconfig"; sourceTree = "<group>"; };
		3E2483181C9ACF0400C167EA /* MessagesCollectionView.app */ = {isa = PBXFileReference; explicitFileType = wrapper.application; includeInIndex = 0; path = MessagesCollectionView.app; sourceTree = BUILT_PRODUCTS_DIR; };
		3E24831C1C9ACF0400C167EA /* main.m */ = {isa = PBXFileReference; lastKnownFileType = sourcecode.c.objc; path = main.m; sourceTree = "<group>"; };
		3E24831E1C9ACF0400C167EA /* AppDelegate.h */ = {isa = PBXFileReference; lastKnownFileType = sourcecode.c.h; path = AppDelegate.h; sourceTree = "<group>"; };
		3E24831F1C9ACF0400C167EA /* AppDelegate.m */ = {isa = PBXFileReference; lastKnownFileType = sourcecode.c.objc; path = AppDelegate.m; sourceTree = "<group>"; };
		3E2483251C9ACF0500C167EA /* Base */ = {isa = PBXFileReference; lastKnownFileType = file.storyboard; name = Base; path = Base.lproj/Main.storyboard; sourceTree = "<group>"; };
		3E2483271C9ACF0500C167EA /* Assets.xcassets */ = {isa = PBXFileReference; lastKnownFileType = folder.assetcatalog; path = Assets.xcassets; sourceTree = "<group>"; };
		3E24832A1C9ACF0500C167EA /* Base */ = {isa = PBXFileReference; lastKnownFileType = file.storyboard; name = Base; path = Base.lproj/LaunchScreen.storyboard; sourceTree = "<group>"; };
		3E24832C1C9ACF0500C167EA /* Info.plist */ = {isa = PBXFileReference; lastKnownFileType = text.plist.xml; path = Info.plist; sourceTree = "<group>"; };
		3E2483311C9ACF0500C167EA /* MessagesCollectionViewTests.xctest */ = {isa = PBXFileReference; explicitFileType = wrapper.cfbundle; includeInIndex = 0; path = MessagesCollectionViewTests.xctest; sourceTree = BUILT_PRODUCTS_DIR; };
		3E2483371C9ACF0500C167EA /* Info.plist */ = {isa = PBXFileReference; lastKnownFileType = text.plist.xml; path = Info.plist; sourceTree = "<group>"; };
		3E2483401C9ACF2F00C167EA /* VIOSMessagesCollectionViewController.h */ = {isa = PBXFileReference; fileEncoding = 4; lastKnownFileType = sourcecode.c.h; path = VIOSMessagesCollectionViewController.h; sourceTree = "<group>"; };
		3E2483411C9ACF2F00C167EA /* VIOSMessagesCollectionViewController.m */ = {isa = PBXFileReference; fileEncoding = 4; lastKnownFileType = sourcecode.c.objc; path = VIOSMessagesCollectionViewController.m; sourceTree = "<group>"; };
		3E2483421C9ACF2F00C167EA /* VIOSMessagesCollectionViewLayout.h */ = {isa = PBXFileReference; fileEncoding = 4; lastKnownFileType = sourcecode.c.h; path = VIOSMessagesCollectionViewLayout.h; sourceTree = "<group>"; };
		3E2483431C9ACF2F00C167EA /* VIOSMessagesCollectionViewLayout.m */ = {isa = PBXFileReference; fileEncoding = 4; lastKnownFileType = sourcecode.c.objc; path = VIOSMessagesCollectionViewLayout.m; sourceTree = "<group>"; };
		3E2483461C9ACF6A00C167EA /* VIOSMessagesCollectionView.h */ = {isa = PBXFileReference; fileEncoding = 4; lastKnownFileType = sourcecode.c.h; path = VIOSMessagesCollectionView.h; sourceTree = "<group>"; };
		3E2483471C9ACF6A00C167EA /* VIOSMessagesCollectionView.m */ = {isa = PBXFileReference; fileEncoding = 4; lastKnownFileType = sourcecode.c.objc; path = VIOSMessagesCollectionView.m; sourceTree = "<group>"; };
		3E2483491C9ACF9800C167EA /* VIOSChatCell.h */ = {isa = PBXFileReference; fileEncoding = 4; lastKnownFileType = sourcecode.c.h; path = VIOSChatCell.h; sourceTree = "<group>"; };
		3E24834A1C9ACF9800C167EA /* VIOSChatCell.m */ = {isa = PBXFileReference; fileEncoding = 4; lastKnownFileType = sourcecode.c.objc; path = VIOSChatCell.m; sourceTree = "<group>"; };
		3E24834C1C9ACFAB00C167EA /* VIOSChatPresenter.h */ = {isa = PBXFileReference; fileEncoding = 4; lastKnownFileType = sourcecode.c.h; path = VIOSChatPresenter.h; sourceTree = "<group>"; };
		3E24834D1C9ACFAB00C167EA /* VIOSChatPresenter.m */ = {isa = PBXFileReference; fileEncoding = 4; lastKnownFileType = sourcecode.c.objc; path = VIOSChatPresenter.m; sourceTree = "<group>"; };
		3E24834F1C9ACFD800C167EA /* VIOSChatViewInputProtocol.h */ = {isa = PBXFileReference; lastKnownFileType = sourcecode.c.h; path = VIOSChatViewInputProtocol.h; sourceTree = "<group>"; };
		3E2483501C9ACFD800C167EA /* VIOSChatViewOutputProtocol.h */ = {isa = PBXFileReference; lastKnownFileType = sourcecode.c.h; path = VIOSChatViewOutputProtocol.h; sourceTree = "<group>"; };
		3E2483511C9AD01D00C167EA /* VIOSChatChangeTypes.h */ = {isa = PBXFileReference; lastKnownFileType = sourcecode.c.h; path = VIOSChatChangeTypes.h; sourceTree = "<group>"; };
		3E2483541C9AD0D600C167EA /* VIOSChatCellCallActionType.h */ = {isa = PBXFileReference; fileEncoding = 4; lastKnownFileType = sourcecode.c.h; path = VIOSChatCellCallActionType.h; sourceTree = "<group>"; };
		3E2483551C9AD0D600C167EA /* VIOSChatCellFileTransferActionType.h */ = {isa = PBXFileReference; fileEncoding = 4; lastKnownFileType = sourcecode.c.h; path = VIOSChatCellFileTransferActionType.h; sourceTree = "<group>"; };
		3E2483561C9AD0D600C167EA /* VIOSChatCellForumInvitationType.h */ = {isa = PBXFileReference; fileEncoding = 4; lastKnownFileType = sourcecode.c.h; path = VIOSChatCellForumInvitationType.h; sourceTree = "<group>"; };
		3E2483571C9AD0D600C167EA /* VIOSChatMessageAskAnswerType.h */ = {isa = PBXFileReference; fileEncoding = 4; lastKnownFileType = sourcecode.c.h; path = VIOSChatMessageAskAnswerType.h; sourceTree = "<group>"; };
		3E2483581C9AD0D600C167EA /* VIOSChatMessageAuthType.h */ = {isa = PBXFileReference; fileEncoding = 4; lastKnownFileType = sourcecode.c.h; path = VIOSChatMessageAuthType.h; sourceTree = "<group>"; };
		3E2483591C9AD0D600C167EA /* VIOSChatMessageCallActionType.h */ = {isa = PBXFileReference; fileEncoding = 4; lastKnownFileType = sourcecode.c.h; path = VIOSChatMessageCallActionType.h; sourceTree = "<group>"; };
		3E24835A1C9AD0D600C167EA /* VIOSChatMessageCallType.h */ = {isa = PBXFileReference; fileEncoding = 4; lastKnownFileType = sourcecode.c.h; path = VIOSChatMessageCallType.h; sourceTree = "<group>"; };
		3E24835B1C9AD0D600C167EA /* VIOSChatMessageDirectionType.h */ = {isa = PBXFileReference; fileEncoding = 4; lastKnownFileType = sourcecode.c.h; path = VIOSChatMessageDirectionType.h; sourceTree = "<group>"; };
		3E24835C1C9AD0D600C167EA /* VIOSChatMessageEntity.h */ = {isa = PBXFileReference; fileEncoding = 4; lastKnownFileType = sourcecode.c.h; path = VIOSChatMessageEntity.h; sourceTree = "<group>"; };
		3E24835D1C9AD0D600C167EA /* VIOSChatMessageEntity.mm */ = {isa = PBXFileReference; fileEncoding = 4; lastKnownFileType = sourcecode.cpp.objcpp; path = VIOSChatMessageEntity.mm; sourceTree = "<group>"; };
		3E24835E1C9AD0D600C167EA /* VIOSChatMessageTypes.h */ = {isa = PBXFileReference; fileEncoding = 4; lastKnownFileType = sourcecode.c.h; path = VIOSChatMessageTypes.h; sourceTree = "<group>"; };
		3E2483601C9AE74900C167EA /* VIOSLayoutItemProtocol.h */ = {isa = PBXFileReference; lastKnownFileType = sourcecode.c.h; path = VIOSLayoutItemProtocol.h; sourceTree = "<group>"; };
		3E2483611C9AE77300C167EA /* VIOSChatLayoutMaker.h */ = {isa = PBXFileReference; fileEncoding = 4; lastKnownFileType = sourcecode.c.h; path = VIOSChatLayoutMaker.h; sourceTree = "<group>"; };
		3E2483621C9AE77300C167EA /* VIOSChatLayoutMaker.m */ = {isa = PBXFileReference; fileEncoding = 4; lastKnownFileType = sourcecode.c.objc; path = VIOSChatLayoutMaker.m; sourceTree = "<group>"; };
		3E2483671C9C0FAE00C167EA /* Podfile */ = {isa = PBXFileReference; fileEncoding = 4; lastKnownFileType = text; path = Podfile; sourceTree = "<group>"; };
		3E2483691C9C155C00C167EA /* VIOSLayoutMakerSpecs.m */ = {isa = PBXFileReference; fileEncoding = 4; lastKnownFileType = sourcecode.c.objc; path = VIOSLayoutMakerSpecs.m; sourceTree = "<group>"; };
		3E24836B1C9C4DCE00C167EA /* VIOSChatLayoutMaker_Private.h */ = {isa = PBXFileReference; lastKnownFileType = sourcecode.c.h; path = VIOSChatLayoutMaker_Private.h; sourceTree = "<group>"; };
		3E24836C1C9C646000C167EA /* VIOSLayoutAttributesItemObject.h */ = {isa = PBXFileReference; fileEncoding = 4; lastKnownFileType = sourcecode.c.h; path = VIOSLayoutAttributesItemObject.h; sourceTree = "<group>"; };
		3E24836D1C9C646000C167EA /* VIOSLayoutAttributesItemObject.m */ = {isa = PBXFileReference; fileEncoding = 4; lastKnownFileType = sourcecode.c.objc; path = VIOSLayoutAttributesItemObject.m; sourceTree = "<group>"; };
		3E5C60331CA00B200016B16B /* LayoutSourceItemStub.h */ = {isa = PBXFileReference; fileEncoding = 4; lastKnownFileType = sourcecode.c.h; path = LayoutSourceItemStub.h; sourceTree = "<group>"; };
		3E5C60341CA00B200016B16B /* LayoutSourceItemStub.m */ = {isa = PBXFileReference; fileEncoding = 4; lastKnownFileType = sourcecode.c.objc; path = LayoutSourceItemStub.m; sourceTree = "<group>"; };
		3E5C60361CA0457F0016B16B /* VIOSMessagesCollectionViewController+Scrolling.h */ = {isa = PBXFileReference; fileEncoding = 4; lastKnownFileType = sourcecode.c.h; path = "VIOSMessagesCollectionViewController+Scrolling.h"; sourceTree = "<group>"; };
		3E5C60371CA0457F0016B16B /* VIOSMessagesCollectionViewController+Scrolling.m */ = {isa = PBXFileReference; fileEncoding = 4; lastKnownFileType = sourcecode.c.objc; path = "VIOSMessagesCollectionViewController+Scrolling.m"; sourceTree = "<group>"; };
		B8743E43CE2E842D10D30576 /* Pods-MessagesCollectionViewTests.release.xcconfig */ = {isa = PBXFileReference; includeInIndex = 1; lastKnownFileType = text.xcconfig; name = "Pods-MessagesCollectionViewTests.release.xcconfig"; path = "Pods/Target Support Files/Pods-MessagesCollectionViewTests/Pods-MessagesCollectionViewTests.release.xcconfig"; sourceTree = "<group>"; };
/* End PBXFileReference section */

/* Begin PBXFrameworksBuildPhase section */
		3E2483151C9ACF0400C167EA /* Frameworks */ = {
			isa = PBXFrameworksBuildPhase;
			buildActionMask = 2147483647;
			files = (
			);
			runOnlyForDeploymentPostprocessing = 0;
		};
		3E24832E1C9ACF0500C167EA /* Frameworks */ = {
			isa = PBXFrameworksBuildPhase;
			buildActionMask = 2147483647;
			files = (
				36C1803FE2E4DBA3987AD34C /* Pods_MessagesCollectionViewTests.framework in Frameworks */,
			);
			runOnlyForDeploymentPostprocessing = 0;
		};
/* End PBXFrameworksBuildPhase section */

/* Begin PBXGroup section */
		3E24830F1C9ACF0400C167EA = {
			isa = PBXGroup;
			children = (
				3E2483671C9C0FAE00C167EA /* Podfile */,
				3E24831A1C9ACF0400C167EA /* MessagesCollectionView */,
				3E2483341C9ACF0500C167EA /* MessagesCollectionViewTests */,
				3E2483191C9ACF0400C167EA /* Products */,
				9E62AF2EE7032BB0DB7590E0 /* Pods */,
				D5EEC5D50D755077754811A9 /* Frameworks */,
			);
			sourceTree = "<group>";
		};
		3E2483191C9ACF0400C167EA /* Products */ = {
			isa = PBXGroup;
			children = (
				3E2483181C9ACF0400C167EA /* MessagesCollectionView.app */,
				3E2483311C9ACF0500C167EA /* MessagesCollectionViewTests.xctest */,
			);
			name = Products;
			sourceTree = "<group>";
		};
		3E24831A1C9ACF0400C167EA /* MessagesCollectionView */ = {
			isa = PBXGroup;
			children = (
				3E24831E1C9ACF0400C167EA /* AppDelegate.h */,
				3E24831F1C9ACF0400C167EA /* AppDelegate.m */,
				3E2483241C9ACF0500C167EA /* Main.storyboard */,
				3E2483401C9ACF2F00C167EA /* VIOSMessagesCollectionViewController.h */,
				3E2483411C9ACF2F00C167EA /* VIOSMessagesCollectionViewController.m */,
				3E5C60361CA0457F0016B16B /* VIOSMessagesCollectionViewController+Scrolling.h */,
				3E5C60371CA0457F0016B16B /* VIOSMessagesCollectionViewController+Scrolling.m */,
				3E2483461C9ACF6A00C167EA /* VIOSMessagesCollectionView.h */,
				3E2483471C9ACF6A00C167EA /* VIOSMessagesCollectionView.m */,
				3E2483421C9ACF2F00C167EA /* VIOSMessagesCollectionViewLayout.h */,
				3E2483431C9ACF2F00C167EA /* VIOSMessagesCollectionViewLayout.m */,
				3E2483601C9AE74900C167EA /* VIOSLayoutItemProtocol.h */,
				3E2483611C9AE77300C167EA /* VIOSChatLayoutMaker.h */,
				3E24836B1C9C4DCE00C167EA /* VIOSChatLayoutMaker_Private.h */,
				3E2483621C9AE77300C167EA /* VIOSChatLayoutMaker.m */,
				3E24836C1C9C646000C167EA /* VIOSLayoutAttributesItemObject.h */,
				3E24836D1C9C646000C167EA /* VIOSLayoutAttributesItemObject.m */,
				3E5C60331CA00B200016B16B /* LayoutSourceItemStub.h */,
				3E5C60341CA00B200016B16B /* LayoutSourceItemStub.m */,
				3E2483491C9ACF9800C167EA /* VIOSChatCell.h */,
				3E24834A1C9ACF9800C167EA /* VIOSChatCell.m */,
				3E24834C1C9ACFAB00C167EA /* VIOSChatPresenter.h */,
				3E24834D1C9ACFAB00C167EA /* VIOSChatPresenter.m */,
				3E2483511C9AD01D00C167EA /* VIOSChatChangeTypes.h */,
				3E24834F1C9ACFD800C167EA /* VIOSChatViewInputProtocol.h */,
				3E2483501C9ACFD800C167EA /* VIOSChatViewOutputProtocol.h */,
				3E2483521C9AD0D600C167EA /* Entities */,
				3E2483271C9ACF0500C167EA /* Assets.xcassets */,
				3E2483291C9ACF0500C167EA /* LaunchScreen.storyboard */,
				3E24832C1C9ACF0500C167EA /* Info.plist */,
				3E24831B1C9ACF0400C167EA /* Supporting Files */,
			);
			path = MessagesCollectionView;
			sourceTree = "<group>";
		};
		3E24831B1C9ACF0400C167EA /* Supporting Files */ = {
			isa = PBXGroup;
			children = (
				3E24831C1C9ACF0400C167EA /* main.m */,
			);
			name = "Supporting Files";
			sourceTree = "<group>";
		};
		3E2483341C9ACF0500C167EA /* MessagesCollectionViewTests */ = {
			isa = PBXGroup;
			children = (
				3E2483691C9C155C00C167EA /* VIOSLayoutMakerSpecs.m */,
				3E2483371C9ACF0500C167EA /* Info.plist */,
			);
			path = MessagesCollectionViewTests;
			sourceTree = "<group>";
		};
		3E2483521C9AD0D600C167EA /* Entities */ = {
			isa = PBXGroup;
			children = (
				3E2483531C9AD0D600C167EA /* Message */,
			);
			path = Entities;
			sourceTree = "<group>";
		};
		3E2483531C9AD0D600C167EA /* Message */ = {
			isa = PBXGroup;
			children = (
				3E2483541C9AD0D600C167EA /* VIOSChatCellCallActionType.h */,
				3E2483551C9AD0D600C167EA /* VIOSChatCellFileTransferActionType.h */,
				3E2483561C9AD0D600C167EA /* VIOSChatCellForumInvitationType.h */,
				3E2483571C9AD0D600C167EA /* VIOSChatMessageAskAnswerType.h */,
				3E2483581C9AD0D600C167EA /* VIOSChatMessageAuthType.h */,
				3E2483591C9AD0D600C167EA /* VIOSChatMessageCallActionType.h */,
				3E24835A1C9AD0D600C167EA /* VIOSChatMessageCallType.h */,
				3E24835B1C9AD0D600C167EA /* VIOSChatMessageDirectionType.h */,
				3E24835C1C9AD0D600C167EA /* VIOSChatMessageEntity.h */,
				3E24835D1C9AD0D600C167EA /* VIOSChatMessageEntity.mm */,
				3E24835E1C9AD0D600C167EA /* VIOSChatMessageTypes.h */,
			);
			path = Message;
			sourceTree = "<group>";
		};
		9E62AF2EE7032BB0DB7590E0 /* Pods */ = {
			isa = PBXGroup;
			children = (
				2980EC3E722C602727755BFF /* Pods-MessagesCollectionViewTests.debug.xcconfig */,
				B8743E43CE2E842D10D30576 /* Pods-MessagesCollectionViewTests.release.xcconfig */,
			);
			name = Pods;
			sourceTree = "<group>";
		};
		D5EEC5D50D755077754811A9 /* Frameworks */ = {
			isa = PBXGroup;
			children = (
				204679E4AF12DD34D5CEBB82 /* Pods_MessagesCollectionViewTests.framework */,
			);
			name = Frameworks;
			sourceTree = "<group>";
		};
/* End PBXGroup section */

/* Begin PBXNativeTarget section */
		3E2483171C9ACF0400C167EA /* MessagesCollectionView */ = {
			isa = PBXNativeTarget;
			buildConfigurationList = 3E24833A1C9ACF0500C167EA /* Build configuration list for PBXNativeTarget "MessagesCollectionView" */;
			buildPhases = (
				3E2483141C9ACF0400C167EA /* Sources */,
				3E2483151C9ACF0400C167EA /* Frameworks */,
				3E2483161C9ACF0400C167EA /* Resources */,
			);
			buildRules = (
			);
			dependencies = (
			);
			name = MessagesCollectionView;
			productName = MessagesCollectionView;
			productReference = 3E2483181C9ACF0400C167EA /* MessagesCollectionView.app */;
			productType = "com.apple.product-type.application";
		};
		3E2483301C9ACF0500C167EA /* MessagesCollectionViewTests */ = {
			isa = PBXNativeTarget;
			buildConfigurationList = 3E24833D1C9ACF0500C167EA /* Build configuration list for PBXNativeTarget "MessagesCollectionViewTests" */;
			buildPhases = (
				D7D2115CD1433D3B2ED0FFD3 /* Check Pods Manifest.lock */,
				3E24832D1C9ACF0500C167EA /* Sources */,
				3E24832E1C9ACF0500C167EA /* Frameworks */,
				3E24832F1C9ACF0500C167EA /* Resources */,
				FC50A2ECB582BCE871BE1621 /* Embed Pods Frameworks */,
				24FE574CF0E385A5613D6DAC /* Copy Pods Resources */,
			);
			buildRules = (
			);
			dependencies = (
				3E2483331C9ACF0500C167EA /* PBXTargetDependency */,
			);
			name = MessagesCollectionViewTests;
			productName = MessagesCollectionViewTests;
			productReference = 3E2483311C9ACF0500C167EA /* MessagesCollectionViewTests.xctest */;
			productType = "com.apple.product-type.bundle.unit-test";
		};
/* End PBXNativeTarget section */

/* Begin PBXProject section */
		3E2483101C9ACF0400C167EA /* Project object */ = {
			isa = PBXProject;
			attributes = {
				LastUpgradeCheck = 0720;
				ORGANIZATIONNAME = "Aziz Latypov";
				TargetAttributes = {
					3E2483171C9ACF0400C167EA = {
						CreatedOnToolsVersion = 7.2.1;
					};
					3E2483301C9ACF0500C167EA = {
						CreatedOnToolsVersion = 7.2.1;
						TestTargetID = 3E2483171C9ACF0400C167EA;
					};
				};
			};
			buildConfigurationList = 3E2483131C9ACF0400C167EA /* Build configuration list for PBXProject "MessagesCollectionView" */;
			compatibilityVersion = "Xcode 3.2";
			developmentRegion = English;
			hasScannedForEncodings = 0;
			knownRegions = (
				en,
				Base,
			);
			mainGroup = 3E24830F1C9ACF0400C167EA;
			productRefGroup = 3E2483191C9ACF0400C167EA /* Products */;
			projectDirPath = "";
			projectRoot = "";
			targets = (
				3E2483171C9ACF0400C167EA /* MessagesCollectionView */,
				3E2483301C9ACF0500C167EA /* MessagesCollectionViewTests */,
			);
		};
/* End PBXProject section */

/* Begin PBXResourcesBuildPhase section */
		3E2483161C9ACF0400C167EA /* Resources */ = {
			isa = PBXResourcesBuildPhase;
			buildActionMask = 2147483647;
			files = (
				3E24832B1C9ACF0500C167EA /* LaunchScreen.storyboard in Resources */,
				3E2483281C9ACF0500C167EA /* Assets.xcassets in Resources */,
				3E2483681C9C0FAE00C167EA /* Podfile in Resources */,
				3E2483261C9ACF0500C167EA /* Main.storyboard in Resources */,
			);
			runOnlyForDeploymentPostprocessing = 0;
		};
		3E24832F1C9ACF0500C167EA /* Resources */ = {
			isa = PBXResourcesBuildPhase;
			buildActionMask = 2147483647;
			files = (
			);
			runOnlyForDeploymentPostprocessing = 0;
		};
/* End PBXResourcesBuildPhase section */

/* Begin PBXShellScriptBuildPhase section */
		24FE574CF0E385A5613D6DAC /* Copy Pods Resources */ = {
			isa = PBXShellScriptBuildPhase;
			buildActionMask = 2147483647;
			files = (
			);
			inputPaths = (
			);
			name = "Copy Pods Resources";
			outputPaths = (
			);
			runOnlyForDeploymentPostprocessing = 0;
			shellPath = /bin/sh;
			shellScript = "\"${SRCROOT}/Pods/Target Support Files/Pods-MessagesCollectionViewTests/Pods-MessagesCollectionViewTests-resources.sh\"\n";
			showEnvVarsInLog = 0;
		};
		D7D2115CD1433D3B2ED0FFD3 /* Check Pods Manifest.lock */ = {
			isa = PBXShellScriptBuildPhase;
			buildActionMask = 2147483647;
			files = (
			);
			inputPaths = (
			);
			name = "Check Pods Manifest.lock";
			outputPaths = (
			);
			runOnlyForDeploymentPostprocessing = 0;
			shellPath = /bin/sh;
			shellScript = "diff \"${PODS_ROOT}/../Podfile.lock\" \"${PODS_ROOT}/Manifest.lock\" > /dev/null\nif [[ $? != 0 ]] ; then\n    cat << EOM\nerror: The sandbox is not in sync with the Podfile.lock. Run 'pod install' or update your CocoaPods installation.\nEOM\n    exit 1\nfi\n";
			showEnvVarsInLog = 0;
		};
		FC50A2ECB582BCE871BE1621 /* Embed Pods Frameworks */ = {
			isa = PBXShellScriptBuildPhase;
			buildActionMask = 2147483647;
			files = (
			);
			inputPaths = (
			);
			name = "Embed Pods Frameworks";
			outputPaths = (
			);
			runOnlyForDeploymentPostprocessing = 0;
			shellPath = /bin/sh;
			shellScript = "\"${SRCROOT}/Pods/Target Support Files/Pods-MessagesCollectionViewTests/Pods-MessagesCollectionViewTests-frameworks.sh\"\n";
			showEnvVarsInLog = 0;
		};
/* End PBXShellScriptBuildPhase section */

/* Begin PBXSourcesBuildPhase section */
		3E2483141C9ACF0400C167EA /* Sources */ = {
			isa = PBXSourcesBuildPhase;
			buildActionMask = 2147483647;
			files = (
				3E2483481C9ACF6A00C167EA /* VIOSMessagesCollectionView.m in Sources */,
				3E24835F1C9AD0D600C167EA /* VIOSChatMessageEntity.mm in Sources */,
				3E2483441C9ACF2F00C167EA /* VIOSMessagesCollectionViewController.m in Sources */,
				3E24834B1C9ACF9800C167EA /* VIOSChatCell.m in Sources */,
				3E2483451C9ACF2F00C167EA /* VIOSMessagesCollectionViewLayout.m in Sources */,
				3E2483201C9ACF0400C167EA /* AppDelegate.m in Sources */,
				3E2483631C9AE77300C167EA /* VIOSChatLayoutMaker.m in Sources */,
				3E24831D1C9ACF0400C167EA /* main.m in Sources */,
				3E24834E1C9ACFAB00C167EA /* VIOSChatPresenter.m in Sources */,
				3E24836E1C9C646000C167EA /* VIOSLayoutAttributesItemObject.m in Sources */,
				3E5C60351CA00B200016B16B /* LayoutSourceItemStub.m in Sources */,
				3E5C60381CA0457F0016B16B /* VIOSMessagesCollectionViewController+Scrolling.m in Sources */,
			);
			runOnlyForDeploymentPostprocessing = 0;
		};
		3E24832D1C9ACF0500C167EA /* Sources */ = {
			isa = PBXSourcesBuildPhase;
			buildActionMask = 2147483647;
			files = (
				3E24836A1C9C155C00C167EA /* VIOSLayoutMakerSpecs.m in Sources */,
			);
			runOnlyForDeploymentPostprocessing = 0;
		};
/* End PBXSourcesBuildPhase section */

/* Begin PBXTargetDependency section */
		3E2483331C9ACF0500C167EA /* PBXTargetDependency */ = {
			isa = PBXTargetDependency;
			target = 3E2483171C9ACF0400C167EA /* MessagesCollectionView */;
			targetProxy = 3E2483321C9ACF0500C167EA /* PBXContainerItemProxy */;
		};
/* End PBXTargetDependency section */

/* Begin PBXVariantGroup section */
		3E2483241C9ACF0500C167EA /* Main.storyboard */ = {
			isa = PBXVariantGroup;
			children = (
				3E2483251C9ACF0500C167EA /* Base */,
			);
			name = Main.storyboard;
			sourceTree = "<group>";
		};
		3E2483291C9ACF0500C167EA /* LaunchScreen.storyboard */ = {
			isa = PBXVariantGroup;
			children = (
				3E24832A1C9ACF0500C167EA /* Base */,
			);
			name = LaunchScreen.storyboard;
			sourceTree = "<group>";
		};
/* End PBXVariantGroup section */

/* Begin XCBuildConfiguration section */
		3E2483381C9ACF0500C167EA /* Debug */ = {
			isa = XCBuildConfiguration;
			buildSettings = {
				ALWAYS_SEARCH_USER_PATHS = NO;
				CLANG_CXX_LANGUAGE_STANDARD = "gnu++0x";
				CLANG_CXX_LIBRARY = "libc++";
				CLANG_ENABLE_MODULES = YES;
				CLANG_ENABLE_OBJC_ARC = YES;
				CLANG_WARN_BOOL_CONVERSION = YES;
				CLANG_WARN_CONSTANT_CONVERSION = YES;
				CLANG_WARN_DIRECT_OBJC_ISA_USAGE = YES_ERROR;
				CLANG_WARN_EMPTY_BODY = YES;
				CLANG_WARN_ENUM_CONVERSION = YES;
				CLANG_WARN_INT_CONVERSION = YES;
				CLANG_WARN_OBJC_ROOT_CLASS = YES_ERROR;
				CLANG_WARN_UNREACHABLE_CODE = YES;
				CLANG_WARN__DUPLICATE_METHOD_MATCH = YES;
				"CODE_SIGN_IDENTITY[sdk=iphoneos*]" = "iPhone Developer";
				COPY_PHASE_STRIP = NO;
				DEBUG_INFORMATION_FORMAT = dwarf;
				ENABLE_STRICT_OBJC_MSGSEND = YES;
				ENABLE_TESTABILITY = YES;
				GCC_C_LANGUAGE_STANDARD = gnu99;
				GCC_DYNAMIC_NO_PIC = NO;
				GCC_NO_COMMON_BLOCKS = YES;
				GCC_OPTIMIZATION_LEVEL = 0;
				GCC_PREPROCESSOR_DEFINITIONS = (
					"DEBUG=1",
					"$(inherited)",
				);
				GCC_WARN_64_TO_32_BIT_CONVERSION = YES;
				GCC_WARN_ABOUT_RETURN_TYPE = YES_ERROR;
				GCC_WARN_UNDECLARED_SELECTOR = YES;
				GCC_WARN_UNINITIALIZED_AUTOS = YES_AGGRESSIVE;
				GCC_WARN_UNUSED_FUNCTION = YES;
				GCC_WARN_UNUSED_VARIABLE = YES;
				IPHONEOS_DEPLOYMENT_TARGET = 9.2;
				MTL_ENABLE_DEBUG_INFO = YES;
				ONLY_ACTIVE_ARCH = YES;
				SDKROOT = iphoneos;
			};
			name = Debug;
		};
		3E2483391C9ACF0500C167EA /* Release */ = {
			isa = XCBuildConfiguration;
			buildSettings = {
				ALWAYS_SEARCH_USER_PATHS = NO;
				CLANG_CXX_LANGUAGE_STANDARD = "gnu++0x";
				CLANG_CXX_LIBRARY = "libc++";
				CLANG_ENABLE_MODULES = YES;
				CLANG_ENABLE_OBJC_ARC = YES;
				CLANG_WARN_BOOL_CONVERSION = YES;
				CLANG_WARN_CONSTANT_CONVERSION = YES;
				CLANG_WARN_DIRECT_OBJC_ISA_USAGE = YES_ERROR;
				CLANG_WARN_EMPTY_BODY = YES;
				CLANG_WARN_ENUM_CONVERSION = YES;
				CLANG_WARN_INT_CONVERSION = YES;
				CLANG_WARN_OBJC_ROOT_CLASS = YES_ERROR;
				CLANG_WARN_UNREACHABLE_CODE = YES;
				CLANG_WARN__DUPLICATE_METHOD_MATCH = YES;
				"CODE_SIGN_IDENTITY[sdk=iphoneos*]" = "iPhone Developer";
				COPY_PHASE_STRIP = NO;
				DEBUG_INFORMATION_FORMAT = "dwarf-with-dsym";
				ENABLE_NS_ASSERTIONS = NO;
				ENABLE_STRICT_OBJC_MSGSEND = YES;
				GCC_C_LANGUAGE_STANDARD = gnu99;
				GCC_NO_COMMON_BLOCKS = YES;
				GCC_WARN_64_TO_32_BIT_CONVERSION = YES;
				GCC_WARN_ABOUT_RETURN_TYPE = YES_ERROR;
				GCC_WARN_UNDECLARED_SELECTOR = YES;
				GCC_WARN_UNINITIALIZED_AUTOS = YES_AGGRESSIVE;
				GCC_WARN_UNUSED_FUNCTION = YES;
				GCC_WARN_UNUSED_VARIABLE = YES;
				IPHONEOS_DEPLOYMENT_TARGET = 9.2;
				MTL_ENABLE_DEBUG_INFO = NO;
				SDKROOT = iphoneos;
				VALIDATE_PRODUCT = YES;
			};
			name = Release;
		};
		3E24833B1C9ACF0500C167EA /* Debug */ = {
			isa = XCBuildConfiguration;
			buildSettings = {
				ASSETCATALOG_COMPILER_APPICON_NAME = AppIcon;
				INFOPLIST_FILE = MessagesCollectionView/Info.plist;
				LD_RUNPATH_SEARCH_PATHS = "$(inherited) @executable_path/Frameworks";
				PRODUCT_BUNDLE_IDENTIFIER = AL.MessagesCollectionView;
				PRODUCT_NAME = "$(TARGET_NAME)";
			};
			name = Debug;
		};
		3E24833C1C9ACF0500C167EA /* Release */ = {
			isa = XCBuildConfiguration;
			buildSettings = {
				ASSETCATALOG_COMPILER_APPICON_NAME = AppIcon;
				INFOPLIST_FILE = MessagesCollectionView/Info.plist;
				LD_RUNPATH_SEARCH_PATHS = "$(inherited) @executable_path/Frameworks";
				PRODUCT_BUNDLE_IDENTIFIER = AL.MessagesCollectionView;
				PRODUCT_NAME = "$(TARGET_NAME)";
			};
			name = Release;
		};
		3E24833E1C9ACF0500C167EA /* Debug */ = {
			isa = XCBuildConfiguration;
			baseConfigurationReference = 2980EC3E722C602727755BFF /* Pods-MessagesCollectionViewTests.debug.xcconfig */;
			buildSettings = {
				BUNDLE_LOADER = "$(TEST_HOST)";
				INFOPLIST_FILE = MessagesCollectionViewTests/Info.plist;
				LD_RUNPATH_SEARCH_PATHS = "$(inherited) @executable_path/Frameworks @loader_path/Frameworks";
				PRODUCT_BUNDLE_IDENTIFIER = AL.MessagesCollectionViewTests;
				PRODUCT_NAME = "$(TARGET_NAME)";
				TEST_HOST = "$(BUILT_PRODUCTS_DIR)/MessagesCollectionView.app/MessagesCollectionView";
			};
			name = Debug;
		};
		3E24833F1C9ACF0500C167EA /* Release */ = {
			isa = XCBuildConfiguration;
			baseConfigurationReference = B8743E43CE2E842D10D30576 /* Pods-MessagesCollectionViewTests.release.xcconfig */;
			buildSettings = {
				BUNDLE_LOADER = "$(TEST_HOST)";
				INFOPLIST_FILE = MessagesCollectionViewTests/Info.plist;
				LD_RUNPATH_SEARCH_PATHS = "$(inherited) @executable_path/Frameworks @loader_path/Frameworks";
				PRODUCT_BUNDLE_IDENTIFIER = AL.MessagesCollectionViewTests;
				PRODUCT_NAME = "$(TARGET_NAME)";
				TEST_HOST = "$(BUILT_PRODUCTS_DIR)/MessagesCollectionView.app/MessagesCollectionView";
			};
			name = Release;
		};
/* End XCBuildConfiguration section */

/* Begin XCConfigurationList section */
		3E2483131C9ACF0400C167EA /* Build configuration list for PBXProject "MessagesCollectionView" */ = {
			isa = XCConfigurationList;
			buildConfigurations = (
				3E2483381C9ACF0500C167EA /* Debug */,
				3E2483391C9ACF0500C167EA /* Release */,
			);
			defaultConfigurationIsVisible = 0;
			defaultConfigurationName = Release;
		};
		3E24833A1C9ACF0500C167EA /* Build configuration list for PBXNativeTarget "MessagesCollectionView" */ = {
			isa = XCConfigurationList;
			buildConfigurations = (
				3E24833B1C9ACF0500C167EA /* Debug */,
				3E24833C1C9ACF0500C167EA /* Release */,
			);
			defaultConfigurationIsVisible = 0;
			defaultConfigurationName = Release;
		};
		3E24833D1C9ACF0500C167EA /* Build configuration list for PBXNativeTarget "MessagesCollectionViewTests" */ = {
			isa = XCConfigurationList;
			buildConfigurations = (
				3E24833E1C9ACF0500C167EA /* Debug */,
				3E24833F1C9ACF0500C167EA /* Release */,
			);
			defaultConfigurationIsVisible = 0;
			defaultConfigurationName = Release;
		};
/* End XCConfigurationList section */
	};
	rootObject = 3E2483101C9ACF0400C167EA /* Project object */;
}
