// !$*UTF8*$!
{
	archiveVersion = 1;
	classes = {
	};
	objectVersion = 46;
	objects = {

/* Begin PBXBuildFile section */
		36C1803FE2E4DBA3987AD34C /* Pods_MessagesCollectionViewTests.framework in Frameworks */ = {isa = PBXBuildFile; fileRef = 204679E4AF12DD34D5CEBB82 /* Pods_MessagesCollectionViewTests.framework */; };
		3E24831D1C9ACF0400C167EA /* main.m in Sources */ = {isa = PBXBuildFile; fileRef = 3E24831C1C9ACF0400C167EA /* main.m */; };
		3E2483201C9ACF0400C167EA /* AppDelegate.m in Sources */ = {isa = PBXBuildFile; fileRef = 3E24831F1C9ACF0400C167EA /* AppDelegate.m */; };
		3E2483261C9ACF0500C167EA /* Main.storyboard in Resources */ = {isa = PBXBuildFile; fileRef = 3E2483241C9ACF0500C167EA /* Main.storyboard */; };
		3E2483281C9ACF0500C167EA /* Assets.xcassets in Resources */ = {isa = PBXBuildFile; fileRef = 3E2483271C9ACF0500C167EA /* Assets.xcassets */; };
		3E24832B1C9ACF0500C167EA /* LaunchScreen.storyboard in Resources */ = {isa = PBXBuildFile; fileRef = 3E2483291C9ACF0500C167EA /* LaunchScreen.storyboard */; };
		3E2483681C9C0FAE00C167EA /* Podfile in Resources */ = {isa = PBXBuildFile; fileRef = 3E2483671C9C0FAE00C167EA /* Podfile */; };
		3E24836A1C9C155C00C167EA /* VIOSLayoutMakerSpecs.m in Sources */ = {isa = PBXBuildFile; fileRef = 3E2483691C9C155C00C167EA /* VIOSLayoutMakerSpecs.m */; };
		3E7735BB1CA53B7800FF0644 /* NSArray+BlockKit.m in Sources */ = {isa = PBXBuildFile; fileRef = 3E7735B81CA53B7800FF0644 /* NSArray+BlockKit.m */; };
		3E7735BC1CA53B7800FF0644 /* NSSet+BlockKit.m in Sources */ = {isa = PBXBuildFile; fileRef = 3E7735BA1CA53B7800FF0644 /* NSSet+BlockKit.m */; };
		3E7735C01CA53BA600FF0644 /* BMASerialQueue.m in Sources */ = {isa = PBXBuildFile; fileRef = 3E7735BF1CA53BA600FF0644 /* BMASerialQueue.m */; };
		3E7735C41CA53BC800FF0644 /* BMASlidingDataSource.m in Sources */ = {isa = PBXBuildFile; fileRef = 3E7735C31CA53BC800FF0644 /* BMASlidingDataSource.m */; };
		3E7735C81CA53C0000FF0644 /* BMACollectionChanges.m in Sources */ = {isa = PBXBuildFile; fileRef = 3E7735C71CA53C0000FF0644 /* BMACollectionChanges.m */; };
		3E7735CC1CA53C2500FF0644 /* BMAChatCollectionViewLayoutModel.m in Sources */ = {isa = PBXBuildFile; fileRef = 3E7735CB1CA53C2500FF0644 /* BMAChatCollectionViewLayoutModel.m */; };
		3E7735D01CA53C5100FF0644 /* BMAChatCollectionViewLayout.m in Sources */ = {isa = PBXBuildFile; fileRef = 3E7735CF1CA53C5100FF0644 /* BMAChatCollectionViewLayout.m */; };
		3E7735DB1CA53C9B00FF0644 /* BMAChatViewController+Changes.m in Sources */ = {isa = PBXBuildFile; fileRef = 3E7735D41CA53C9B00FF0644 /* BMAChatViewController+Changes.m */; };
		3E7735DC1CA53C9B00FF0644 /* BMAChatViewController+Presenters.m in Sources */ = {isa = PBXBuildFile; fileRef = 3E7735D61CA53C9B00FF0644 /* BMAChatViewController+Presenters.m */; };
		3E7735DD1CA53C9B00FF0644 /* BMAChatViewController+Scrolling.m in Sources */ = {isa = PBXBuildFile; fileRef = 3E7735D81CA53C9B00FF0644 /* BMAChatViewController+Scrolling.m */; };
		3E7735DE1CA53C9B00FF0644 /* BMAChatViewController.m in Sources */ = {isa = PBXBuildFile; fileRef = 3E7735DA1CA53C9B00FF0644 /* BMAChatViewController.m */; };
		3E7735E51CA5490700FF0644 /* BMADecoratedChatItemObject.m in Sources */ = {isa = PBXBuildFile; fileRef = 3E7735E41CA5490700FF0644 /* BMADecoratedChatItemObject.m */; };
		8F92B60B1CA45450001DAAC5 /* BMAFakeDataSource.m in Sources */ = {isa = PBXBuildFile; fileRef = 8F92B60A1CA45450001DAAC5 /* BMAFakeDataSource.m */; };
/* End PBXBuildFile section */

/* Begin PBXContainerItemProxy section */
		3E2483321C9ACF0500C167EA /* PBXContainerItemProxy */ = {
			isa = PBXContainerItemProxy;
			containerPortal = 3E2483101C9ACF0400C167EA /* Project object */;
			proxyType = 1;
			remoteGlobalIDString = 3E2483171C9ACF0400C167EA;
			remoteInfo = MessagesCollectionView;
		};
/* End PBXContainerItemProxy section */

/* Begin PBXFileReference section */
		204679E4AF12DD34D5CEBB82 /* Pods_MessagesCollectionViewTests.framework */ = {isa = PBXFileReference; explicitFileType = wrapper.framework; includeInIndex = 0; path = Pods_MessagesCollectionViewTests.framework; sourceTree = BUILT_PRODUCTS_DIR; };
		2980EC3E722C602727755BFF /* Pods-MessagesCollectionViewTests.debug.xcconfig */ = {isa = PBXFileReference; includeInIndex = 1; lastKnownFileType = text.xcconfig; name = "Pods-MessagesCollectionViewTests.debug.xcconfig"; path = "Pods/Target Support Files/Pods-MessagesCollectionViewTests/Pods-MessagesCollectionViewTests.debug.xcconfig"; sourceTree = "<group>"; };
		3E2483181C9ACF0400C167EA /* MessagesCollectionView.app */ = {isa = PBXFileReference; explicitFileType = wrapper.application; includeInIndex = 0; path = MessagesCollectionView.app; sourceTree = BUILT_PRODUCTS_DIR; };
		3E24831C1C9ACF0400C167EA /* main.m */ = {isa = PBXFileReference; lastKnownFileType = sourcecode.c.objc; path = main.m; sourceTree = "<group>"; };
		3E24831E1C9ACF0400C167EA /* AppDelegate.h */ = {isa = PBXFileReference; lastKnownFileType = sourcecode.c.h; path = AppDelegate.h; sourceTree = "<group>"; };
		3E24831F1C9ACF0400C167EA /* AppDelegate.m */ = {isa = PBXFileReference; lastKnownFileType = sourcecode.c.objc; path = AppDelegate.m; sourceTree = "<group>"; };
		3E2483251C9ACF0500C167EA /* Base */ = {isa = PBXFileReference; lastKnownFileType = file.storyboard; name = Base; path = Base.lproj/Main.storyboard; sourceTree = "<group>"; };
		3E2483271C9ACF0500C167EA /* Assets.xcassets */ = {isa = PBXFileReference; lastKnownFileType = folder.assetcatalog; path = Assets.xcassets; sourceTree = "<group>"; };
		3E24832A1C9ACF0500C167EA /* Base */ = {isa = PBXFileReference; lastKnownFileType = file.storyboard; name = Base; path = Base.lproj/LaunchScreen.storyboard; sourceTree = "<group>"; };
		3E24832C1C9ACF0500C167EA /* Info.plist */ = {isa = PBXFileReference; lastKnownFileType = text.plist.xml; path = Info.plist; sourceTree = "<group>"; };
		3E2483311C9ACF0500C167EA /* MessagesCollectionViewTests.xctest */ = {isa = PBXFileReference; explicitFileType = wrapper.cfbundle; includeInIndex = 0; path = MessagesCollectionViewTests.xctest; sourceTree = BUILT_PRODUCTS_DIR; };
		3E2483371C9ACF0500C167EA /* Info.plist */ = {isa = PBXFileReference; lastKnownFileType = text.plist.xml; path = Info.plist; sourceTree = "<group>"; };
		3E2483671C9C0FAE00C167EA /* Podfile */ = {isa = PBXFileReference; fileEncoding = 4; lastKnownFileType = text; path = Podfile; sourceTree = "<group>"; };
		3E2483691C9C155C00C167EA /* VIOSLayoutMakerSpecs.m */ = {isa = PBXFileReference; fileEncoding = 4; lastKnownFileType = sourcecode.c.objc; path = VIOSLayoutMakerSpecs.m; sourceTree = "<group>"; };
		3E7735A71CA2AE9C00FF0644 /* BMAChatDataSourceProtocol.h */ = {isa = PBXFileReference; lastKnownFileType = sourcecode.c.h; path = BMAChatDataSourceProtocol.h; sourceTree = "<group>"; };
		3E7735A81CA2B06100FF0644 /* BMAUniqueIdentificable.h */ = {isa = PBXFileReference; lastKnownFileType = sourcecode.c.h; path = BMAUniqueIdentificable.h; sourceTree = "<group>"; };
		3E7735A91CA2B08800FF0644 /* BMAChatItemProtocol.h */ = {isa = PBXFileReference; lastKnownFileType = sourcecode.c.h; path = BMAChatItemProtocol.h; sourceTree = "<group>"; };
		3E7735B71CA53B7800FF0644 /* NSArray+BlockKit.h */ = {isa = PBXFileReference; fileEncoding = 4; lastKnownFileType = sourcecode.c.h; path = "NSArray+BlockKit.h"; sourceTree = "<group>"; };
		3E7735B81CA53B7800FF0644 /* NSArray+BlockKit.m */ = {isa = PBXFileReference; fileEncoding = 4; lastKnownFileType = sourcecode.c.objc; path = "NSArray+BlockKit.m"; sourceTree = "<group>"; };
		3E7735B91CA53B7800FF0644 /* NSSet+BlockKit.h */ = {isa = PBXFileReference; fileEncoding = 4; lastKnownFileType = sourcecode.c.h; path = "NSSet+BlockKit.h"; sourceTree = "<group>"; };
		3E7735BA1CA53B7800FF0644 /* NSSet+BlockKit.m */ = {isa = PBXFileReference; fileEncoding = 4; lastKnownFileType = sourcecode.c.objc; path = "NSSet+BlockKit.m"; sourceTree = "<group>"; };
		3E7735BE1CA53BA600FF0644 /* BMASerialQueue.h */ = {isa = PBXFileReference; fileEncoding = 4; lastKnownFileType = sourcecode.c.h; path = BMASerialQueue.h; sourceTree = "<group>"; };
		3E7735BF1CA53BA600FF0644 /* BMASerialQueue.m */ = {isa = PBXFileReference; fileEncoding = 4; lastKnownFileType = sourcecode.c.objc; path = BMASerialQueue.m; sourceTree = "<group>"; };
		3E7735C21CA53BC800FF0644 /* BMASlidingDataSource.h */ = {isa = PBXFileReference; fileEncoding = 4; lastKnownFileType = sourcecode.c.h; path = BMASlidingDataSource.h; sourceTree = "<group>"; };
		3E7735C31CA53BC800FF0644 /* BMASlidingDataSource.m */ = {isa = PBXFileReference; fileEncoding = 4; lastKnownFileType = sourcecode.c.objc; path = BMASlidingDataSource.m; sourceTree = "<group>"; };
		3E7735C61CA53C0000FF0644 /* BMACollectionChanges.h */ = {isa = PBXFileReference; fileEncoding = 4; lastKnownFileType = sourcecode.c.h; path = BMACollectionChanges.h; sourceTree = "<group>"; };
		3E7735C71CA53C0000FF0644 /* BMACollectionChanges.m */ = {isa = PBXFileReference; fileEncoding = 4; lastKnownFileType = sourcecode.c.objc; path = BMACollectionChanges.m; sourceTree = "<group>"; };
		3E7735CA1CA53C2500FF0644 /* BMAChatCollectionViewLayoutModel.h */ = {isa = PBXFileReference; fileEncoding = 4; lastKnownFileType = sourcecode.c.h; path = BMAChatCollectionViewLayoutModel.h; sourceTree = "<group>"; };
		3E7735CB1CA53C2500FF0644 /* BMAChatCollectionViewLayoutModel.m */ = {isa = PBXFileReference; fileEncoding = 4; lastKnownFileType = sourcecode.c.objc; path = BMAChatCollectionViewLayoutModel.m; sourceTree = "<group>"; };
		3E7735CE1CA53C5100FF0644 /* BMAChatCollectionViewLayout.h */ = {isa = PBXFileReference; fileEncoding = 4; lastKnownFileType = sourcecode.c.h; path = BMAChatCollectionViewLayout.h; sourceTree = "<group>"; };
		3E7735CF1CA53C5100FF0644 /* BMAChatCollectionViewLayout.m */ = {isa = PBXFileReference; fileEncoding = 4; lastKnownFileType = sourcecode.c.objc; path = BMAChatCollectionViewLayout.m; sourceTree = "<group>"; };
		3E7735D21CA53C9B00FF0644 /* BMAChatUpdateType.h */ = {isa = PBXFileReference; fileEncoding = 4; lastKnownFileType = sourcecode.c.h; path = BMAChatUpdateType.h; sourceTree = "<group>"; };
		3E7735D31CA53C9B00FF0644 /* BMAChatViewController+Changes.h */ = {isa = PBXFileReference; fileEncoding = 4; lastKnownFileType = sourcecode.c.h; path = "BMAChatViewController+Changes.h"; sourceTree = "<group>"; };
		3E7735D41CA53C9B00FF0644 /* BMAChatViewController+Changes.m */ = {isa = PBXFileReference; fileEncoding = 4; lastKnownFileType = sourcecode.c.objc; path = "BMAChatViewController+Changes.m"; sourceTree = "<group>"; };
		3E7735D51CA53C9B00FF0644 /* BMAChatViewController+Presenters.h */ = {isa = PBXFileReference; fileEncoding = 4; lastKnownFileType = sourcecode.c.h; path = "BMAChatViewController+Presenters.h"; sourceTree = "<group>"; };
		3E7735D61CA53C9B00FF0644 /* BMAChatViewController+Presenters.m */ = {isa = PBXFileReference; fileEncoding = 4; lastKnownFileType = sourcecode.c.objc; path = "BMAChatViewController+Presenters.m"; sourceTree = "<group>"; };
		3E7735D71CA53C9B00FF0644 /* BMAChatViewController+Scrolling.h */ = {isa = PBXFileReference; fileEncoding = 4; lastKnownFileType = sourcecode.c.h; path = "BMAChatViewController+Scrolling.h"; sourceTree = "<group>"; };
		3E7735D81CA53C9B00FF0644 /* BMAChatViewController+Scrolling.m */ = {isa = PBXFileReference; fileEncoding = 4; lastKnownFileType = sourcecode.c.objc; path = "BMAChatViewController+Scrolling.m"; sourceTree = "<group>"; };
		3E7735D91CA53C9B00FF0644 /* BMAChatViewController.h */ = {isa = PBXFileReference; fileEncoding = 4; lastKnownFileType = sourcecode.c.h; path = BMAChatViewController.h; sourceTree = "<group>"; };
		3E7735DA1CA53C9B00FF0644 /* BMAChatViewController.m */ = {isa = PBXFileReference; fileEncoding = 4; lastKnownFileType = sourcecode.c.objc; path = BMAChatViewController.m; sourceTree = "<group>"; };
		3E7735DF1CA5488600FF0644 /* BMAChatItemDecorationAttributesProtocol.h */ = {isa = PBXFileReference; lastKnownFileType = sourcecode.c.h; path = BMAChatItemDecorationAttributesProtocol.h; sourceTree = "<group>"; };
		3E7735E01CA5489200FF0644 /* BMADecoratedChatItemProtocol.h */ = {isa = PBXFileReference; lastKnownFileType = sourcecode.c.h; path = BMADecoratedChatItemProtocol.h; sourceTree = "<group>"; };
		3E7735E11CA5489C00FF0644 /* BMAChatItemPresenterProtocol.h */ = {isa = PBXFileReference; lastKnownFileType = sourcecode.c.h; path = BMAChatItemPresenterProtocol.h; sourceTree = "<group>"; };
		3E7735E21CA548A900FF0644 /* BMAChatItemPresenterBuilderProtocol.h */ = {isa = PBXFileReference; lastKnownFileType = sourcecode.c.h; path = BMAChatItemPresenterBuilderProtocol.h; sourceTree = "<group>"; };
		3E7735E31CA5490700FF0644 /* BMADecoratedChatItemObject.h */ = {isa = PBXFileReference; fileEncoding = 4; lastKnownFileType = sourcecode.c.h; path = BMADecoratedChatItemObject.h; sourceTree = "<group>"; };
		3E7735E41CA5490700FF0644 /* BMADecoratedChatItemObject.m */ = {isa = PBXFileReference; fileEncoding = 4; lastKnownFileType = sourcecode.c.objc; path = BMADecoratedChatItemObject.m; sourceTree = "<group>"; };
		8F92B6091CA45450001DAAC5 /* BMAFakeDataSource.h */ = {isa = PBXFileReference; fileEncoding = 4; lastKnownFileType = sourcecode.c.h; path = BMAFakeDataSource.h; sourceTree = "<group>"; };
		8F92B60A1CA45450001DAAC5 /* BMAFakeDataSource.m */ = {isa = PBXFileReference; fileEncoding = 4; lastKnownFileType = sourcecode.c.objc; path = BMAFakeDataSource.m; sourceTree = "<group>"; };
		B8743E43CE2E842D10D30576 /* Pods-MessagesCollectionViewTests.release.xcconfig */ = {isa = PBXFileReference; includeInIndex = 1; lastKnownFileType = text.xcconfig; name = "Pods-MessagesCollectionViewTests.release.xcconfig"; path = "Pods/Target Support Files/Pods-MessagesCollectionViewTests/Pods-MessagesCollectionViewTests.release.xcconfig"; sourceTree = "<group>"; };
/* End PBXFileReference section */

/* Begin PBXFrameworksBuildPhase section */
		3E2483151C9ACF0400C167EA /* Frameworks */ = {
			isa = PBXFrameworksBuildPhase;
			buildActionMask = 2147483647;
			files = (
			);
			runOnlyForDeploymentPostprocessing = 0;
		};
		3E24832E1C9ACF0500C167EA /* Frameworks */ = {
			isa = PBXFrameworksBuildPhase;
			buildActionMask = 2147483647;
			files = (
				36C1803FE2E4DBA3987AD34C /* Pods_MessagesCollectionViewTests.framework in Frameworks */,
			);
			runOnlyForDeploymentPostprocessing = 0;
		};
/* End PBXFrameworksBuildPhase section */

/* Begin PBXGroup section */
		3E24830F1C9ACF0400C167EA = {
			isa = PBXGroup;
			children = (
				3E2483671C9C0FAE00C167EA /* Podfile */,
				3E24831A1C9ACF0400C167EA /* MessagesCollectionView */,
				3E2483341C9ACF0500C167EA /* MessagesCollectionViewTests */,
				3E2483191C9ACF0400C167EA /* Products */,
				9E62AF2EE7032BB0DB7590E0 /* Pods */,
				D5EEC5D50D755077754811A9 /* Frameworks */,
			);
			sourceTree = "<group>";
		};
		3E2483191C9ACF0400C167EA /* Products */ = {
			isa = PBXGroup;
			children = (
				3E2483181C9ACF0400C167EA /* MessagesCollectionView.app */,
				3E2483311C9ACF0500C167EA /* MessagesCollectionViewTests.xctest */,
			);
			name = Products;
			sourceTree = "<group>";
		};
		3E24831A1C9ACF0400C167EA /* MessagesCollectionView */ = {
			isa = PBXGroup;
			children = (
				3E7735B61CA53B7800FF0644 /* BlockKit */,
				3E7735BD1CA53BA600FF0644 /* Utilities */,
				3E7735C11CA53BC800FF0644 /* SlidingDataSource */,
				3E7735C51CA53C0000FF0644 /* CollectionChanges */,
				3E7735C91CA53C2500FF0644 /* LayoutModel */,
				3E7735CD1CA53C5100FF0644 /* CollectionViewLayout */,
				3E7735D11CA53C9B00FF0644 /* ChatViewController */,
				3E24831E1C9ACF0400C167EA /* AppDelegate.h */,
				3E24831F1C9ACF0400C167EA /* AppDelegate.m */,
				3E2483241C9ACF0500C167EA /* Main.storyboard */,
				3E7735A81CA2B06100FF0644 /* BMAUniqueIdentificable.h */,
				3E7735A91CA2B08800FF0644 /* BMAChatItemProtocol.h */,
				3E7735DF1CA5488600FF0644 /* BMAChatItemDecorationAttributesProtocol.h */,
				3E7735E01CA5489200FF0644 /* BMADecoratedChatItemProtocol.h */,
				3E7735E11CA5489C00FF0644 /* BMAChatItemPresenterProtocol.h */,
				3E7735E21CA548A900FF0644 /* BMAChatItemPresenterBuilderProtocol.h */,
				3E7735A71CA2AE9C00FF0644 /* BMAChatDataSourceProtocol.h */,
				3E7735E31CA5490700FF0644 /* BMADecoratedChatItemObject.h */,
				3E7735E41CA5490700FF0644 /* BMADecoratedChatItemObject.m */,
				8F92B6091CA45450001DAAC5 /* BMAFakeDataSource.h */,
				8F92B60A1CA45450001DAAC5 /* BMAFakeDataSource.m */,
				3E2483271C9ACF0500C167EA /* Assets.xcassets */,
				3E2483291C9ACF0500C167EA /* LaunchScreen.storyboard */,
				3E24832C1C9ACF0500C167EA /* Info.plist */,
				3E24831B1C9ACF0400C167EA /* Supporting Files */,
			);
			path = MessagesCollectionView;
			sourceTree = "<group>";
		};
		3E24831B1C9ACF0400C167EA /* Supporting Files */ = {
			isa = PBXGroup;
			children = (
				3E24831C1C9ACF0400C167EA /* main.m */,
			);
			name = "Supporting Files";
			sourceTree = "<group>";
		};
		3E2483341C9ACF0500C167EA /* MessagesCollectionViewTests */ = {
			isa = PBXGroup;
			children = (
				3E2483691C9C155C00C167EA /* VIOSLayoutMakerSpecs.m */,
				3E2483371C9ACF0500C167EA /* Info.plist */,
			);
			path = MessagesCollectionViewTests;
			sourceTree = "<group>";
		};
		3E7735B61CA53B7800FF0644 /* BlockKit */ = {
			isa = PBXGroup;
			children = (
				3E7735B71CA53B7800FF0644 /* NSArray+BlockKit.h */,
				3E7735B81CA53B7800FF0644 /* NSArray+BlockKit.m */,
				3E7735B91CA53B7800FF0644 /* NSSet+BlockKit.h */,
				3E7735BA1CA53B7800FF0644 /* NSSet+BlockKit.m */,
			);
			path = BlockKit;
			sourceTree = "<group>";
		};
		3E7735BD1CA53BA600FF0644 /* Utilities */ = {
			isa = PBXGroup;
			children = (
				3E7735BE1CA53BA600FF0644 /* BMASerialQueue.h */,
				3E7735BF1CA53BA600FF0644 /* BMASerialQueue.m */,
			);
			path = Utilities;
			sourceTree = "<group>";
		};
		3E7735C11CA53BC800FF0644 /* SlidingDataSource */ = {
			isa = PBXGroup;
			children = (
				3E7735C21CA53BC800FF0644 /* BMASlidingDataSource.h */,
				3E7735C31CA53BC800FF0644 /* BMASlidingDataSource.m */,
			);
			path = SlidingDataSource;
			sourceTree = "<group>";
		};
		3E7735C51CA53C0000FF0644 /* CollectionChanges */ = {
			isa = PBXGroup;
			children = (
				3E7735C61CA53C0000FF0644 /* BMACollectionChanges.h */,
				3E7735C71CA53C0000FF0644 /* BMACollectionChanges.m */,
			);
			path = CollectionChanges;
			sourceTree = "<group>";
		};
		3E7735C91CA53C2500FF0644 /* LayoutModel */ = {
			isa = PBXGroup;
			children = (
				3E7735CA1CA53C2500FF0644 /* BMAChatCollectionViewLayoutModel.h */,
				3E7735CB1CA53C2500FF0644 /* BMAChatCollectionViewLayoutModel.m */,
			);
			path = LayoutModel;
			sourceTree = "<group>";
		};
		3E7735CD1CA53C5100FF0644 /* CollectionViewLayout */ = {
			isa = PBXGroup;
			children = (
				3E7735CE1CA53C5100FF0644 /* BMAChatCollectionViewLayout.h */,
				3E7735CF1CA53C5100FF0644 /* BMAChatCollectionViewLayout.m */,
			);
			path = CollectionViewLayout;
			sourceTree = "<group>";
		};
		3E7735D11CA53C9B00FF0644 /* ChatViewController */ = {
			isa = PBXGroup;
			children = (
				3E7735D21CA53C9B00FF0644 /* BMAChatUpdateType.h */,
				3E7735D31CA53C9B00FF0644 /* BMAChatViewController+Changes.h */,
				3E7735D41CA53C9B00FF0644 /* BMAChatViewController+Changes.m */,
				3E7735D51CA53C9B00FF0644 /* BMAChatViewController+Presenters.h */,
				3E7735D61CA53C9B00FF0644 /* BMAChatViewController+Presenters.m */,
				3E7735D71CA53C9B00FF0644 /* BMAChatViewController+Scrolling.h */,
				3E7735D81CA53C9B00FF0644 /* BMAChatViewController+Scrolling.m */,
				3E7735D91CA53C9B00FF0644 /* BMAChatViewController.h */,
				3E7735DA1CA53C9B00FF0644 /* BMAChatViewController.m */,
			);
			path = ChatViewController;
			sourceTree = "<group>";
		};
		9E62AF2EE7032BB0DB7590E0 /* Pods */ = {
			isa = PBXGroup;
			children = (
				2980EC3E722C602727755BFF /* Pods-MessagesCollectionViewTests.debug.xcconfig */,
				B8743E43CE2E842D10D30576 /* Pods-MessagesCollectionViewTests.release.xcconfig */,
			);
			name = Pods;
			sourceTree = "<group>";
		};
		D5EEC5D50D755077754811A9 /* Frameworks */ = {
			isa = PBXGroup;
			children = (
				204679E4AF12DD34D5CEBB82 /* Pods_MessagesCollectionViewTests.framework */,
			);
			name = Frameworks;
			sourceTree = "<group>";
		};
/* End PBXGroup section */

/* Begin PBXNativeTarget section */
		3E2483171C9ACF0400C167EA /* MessagesCollectionView */ = {
			isa = PBXNativeTarget;
			buildConfigurationList = 3E24833A1C9ACF0500C167EA /* Build configuration list for PBXNativeTarget "MessagesCollectionView" */;
			buildPhases = (
				3E2483141C9ACF0400C167EA /* Sources */,
				3E2483151C9ACF0400C167EA /* Frameworks */,
				3E2483161C9ACF0400C167EA /* Resources */,
			);
			buildRules = (
			);
			dependencies = (
			);
			name = MessagesCollectionView;
			productName = MessagesCollectionView;
			productReference = 3E2483181C9ACF0400C167EA /* MessagesCollectionView.app */;
			productType = "com.apple.product-type.application";
		};
		3E2483301C9ACF0500C167EA /* MessagesCollectionViewTests */ = {
			isa = PBXNativeTarget;
			buildConfigurationList = 3E24833D1C9ACF0500C167EA /* Build configuration list for PBXNativeTarget "MessagesCollectionViewTests" */;
			buildPhases = (
				D7D2115CD1433D3B2ED0FFD3 /* Check Pods Manifest.lock */,
				3E24832D1C9ACF0500C167EA /* Sources */,
				3E24832E1C9ACF0500C167EA /* Frameworks */,
				3E24832F1C9ACF0500C167EA /* Resources */,
				FC50A2ECB582BCE871BE1621 /* Embed Pods Frameworks */,
				24FE574CF0E385A5613D6DAC /* Copy Pods Resources */,
			);
			buildRules = (
			);
			dependencies = (
				3E2483331C9ACF0500C167EA /* PBXTargetDependency */,
			);
			name = MessagesCollectionViewTests;
			productName = MessagesCollectionViewTests;
			productReference = 3E2483311C9ACF0500C167EA /* MessagesCollectionViewTests.xctest */;
			productType = "com.apple.product-type.bundle.unit-test";
		};
/* End PBXNativeTarget section */

/* Begin PBXProject section */
		3E2483101C9ACF0400C167EA /* Project object */ = {
			isa = PBXProject;
			attributes = {
				LastUpgradeCheck = 0720;
				ORGANIZATIONNAME = "Aziz Latypov";
				TargetAttributes = {
					3E2483171C9ACF0400C167EA = {
						CreatedOnToolsVersion = 7.2.1;
					};
					3E2483301C9ACF0500C167EA = {
						CreatedOnToolsVersion = 7.2.1;
						TestTargetID = 3E2483171C9ACF0400C167EA;
					};
				};
			};
			buildConfigurationList = 3E2483131C9ACF0400C167EA /* Build configuration list for PBXProject "MessagesCollectionView" */;
			compatibilityVersion = "Xcode 3.2";
			developmentRegion = English;
			hasScannedForEncodings = 0;
			knownRegions = (
				en,
				Base,
			);
			mainGroup = 3E24830F1C9ACF0400C167EA;
			productRefGroup = 3E2483191C9ACF0400C167EA /* Products */;
			projectDirPath = "";
			projectRoot = "";
			targets = (
				3E2483171C9ACF0400C167EA /* MessagesCollectionView */,
				3E2483301C9ACF0500C167EA /* MessagesCollectionViewTests */,
			);
		};
/* End PBXProject section */

/* Begin PBXResourcesBuildPhase section */
		3E2483161C9ACF0400C167EA /* Resources */ = {
			isa = PBXResourcesBuildPhase;
			buildActionMask = 2147483647;
			files = (
				3E24832B1C9ACF0500C167EA /* LaunchScreen.storyboard in Resources */,
				3E2483281C9ACF0500C167EA /* Assets.xcassets in Resources */,
				3E2483681C9C0FAE00C167EA /* Podfile in Resources */,
				3E2483261C9ACF0500C167EA /* Main.storyboard in Resources */,
			);
			runOnlyForDeploymentPostprocessing = 0;
		};
		3E24832F1C9ACF0500C167EA /* Resources */ = {
			isa = PBXResourcesBuildPhase;
			buildActionMask = 2147483647;
			files = (
			);
			runOnlyForDeploymentPostprocessing = 0;
		};
/* End PBXResourcesBuildPhase section */

/* Begin PBXShellScriptBuildPhase section */
		24FE574CF0E385A5613D6DAC /* Copy Pods Resources */ = {
			isa = PBXShellScriptBuildPhase;
			buildActionMask = 2147483647;
			files = (
			);
			inputPaths = (
			);
			name = "Copy Pods Resources";
			outputPaths = (
			);
			runOnlyForDeploymentPostprocessing = 0;
			shellPath = /bin/sh;
			shellScript = "\"${SRCROOT}/Pods/Target Support Files/Pods-MessagesCollectionViewTests/Pods-MessagesCollectionViewTests-resources.sh\"\n";
			showEnvVarsInLog = 0;
		};
		D7D2115CD1433D3B2ED0FFD3 /* Check Pods Manifest.lock */ = {
			isa = PBXShellScriptBuildPhase;
			buildActionMask = 2147483647;
			files = (
			);
			inputPaths = (
			);
			name = "Check Pods Manifest.lock";
			outputPaths = (
			);
			runOnlyForDeploymentPostprocessing = 0;
			shellPath = /bin/sh;
			shellScript = "diff \"${PODS_ROOT}/../Podfile.lock\" \"${PODS_ROOT}/Manifest.lock\" > /dev/null\nif [[ $? != 0 ]] ; then\n    cat << EOM\nerror: The sandbox is not in sync with the Podfile.lock. Run 'pod install' or update your CocoaPods installation.\nEOM\n    exit 1\nfi\n";
			showEnvVarsInLog = 0;
		};
		FC50A2ECB582BCE871BE1621 /* Embed Pods Frameworks */ = {
			isa = PBXShellScriptBuildPhase;
			buildActionMask = 2147483647;
			files = (
			);
			inputPaths = (
			);
			name = "Embed Pods Frameworks";
			outputPaths = (
			);
			runOnlyForDeploymentPostprocessing = 0;
			shellPath = /bin/sh;
			shellScript = "\"${SRCROOT}/Pods/Target Support Files/Pods-MessagesCollectionViewTests/Pods-MessagesCollectionViewTests-frameworks.sh\"\n";
			showEnvVarsInLog = 0;
		};
/* End PBXShellScriptBuildPhase section */

/* Begin PBXSourcesBuildPhase section */
		3E2483141C9ACF0400C167EA /* Sources */ = {
			isa = PBXSourcesBuildPhase;
			buildActionMask = 2147483647;
			files = (
				3E7735D01CA53C5100FF0644 /* BMAChatCollectionViewLayout.m in Sources */,
				8F92B60B1CA45450001DAAC5 /* BMAFakeDataSource.m in Sources */,
				3E7735DC1CA53C9B00FF0644 /* BMAChatViewController+Presenters.m in Sources */,
				3E7735DB1CA53C9B00FF0644 /* BMAChatViewController+Changes.m in Sources */,
				3E7735C41CA53BC800FF0644 /* BMASlidingDataSource.m in Sources */,
				3E7735DD1CA53C9B00FF0644 /* BMAChatViewController+Scrolling.m in Sources */,
				3E7735C81CA53C0000FF0644 /* BMACollectionChanges.m in Sources */,
				3E2483201C9ACF0400C167EA /* AppDelegate.m in Sources */,
				3E24831D1C9ACF0400C167EA /* main.m in Sources */,
				3E7735BB1CA53B7800FF0644 /* NSArray+BlockKit.m in Sources */,
				3E7735BC1CA53B7800FF0644 /* NSSet+BlockKit.m in Sources */,
				3E7735CC1CA53C2500FF0644 /* BMAChatCollectionViewLayoutModel.m in Sources */,
				3E7735C01CA53BA600FF0644 /* BMASerialQueue.m in Sources */,
				3E7735E51CA5490700FF0644 /* BMADecoratedChatItemObject.m in Sources */,
				3E7735DE1CA53C9B00FF0644 /* BMAChatViewController.m in Sources */,
			);
			runOnlyForDeploymentPostprocessing = 0;
		};
		3E24832D1C9ACF0500C167EA /* Sources */ = {
			isa = PBXSourcesBuildPhase;
			buildActionMask = 2147483647;
			files = (
				3E24836A1C9C155C00C167EA /* VIOSLayoutMakerSpecs.m in Sources */,
			);
			runOnlyForDeploymentPostprocessing = 0;
		};
/* End PBXSourcesBuildPhase section */

/* Begin PBXTargetDependency section */
		3E2483331C9ACF0500C167EA /* PBXTargetDependency */ = {
			isa = PBXTargetDependency;
			target = 3E2483171C9ACF0400C167EA /* MessagesCollectionView */;
			targetProxy = 3E2483321C9ACF0500C167EA /* PBXContainerItemProxy */;
		};
/* End PBXTargetDependency section */

/* Begin PBXVariantGroup section */
		3E2483241C9ACF0500C167EA /* Main.storyboard */ = {
			isa = PBXVariantGroup;
			children = (
				3E2483251C9ACF0500C167EA /* Base */,
			);
			name = Main.storyboard;
			sourceTree = "<group>";
		};
		3E2483291C9ACF0500C167EA /* LaunchScreen.storyboard */ = {
			isa = PBXVariantGroup;
			children = (
				3E24832A1C9ACF0500C167EA /* Base */,
			);
			name = LaunchScreen.storyboard;
			sourceTree = "<group>";
		};
/* End PBXVariantGroup section */

/* Begin XCBuildConfiguration section */
		3E2483381C9ACF0500C167EA /* Debug */ = {
			isa = XCBuildConfiguration;
			buildSettings = {
				ALWAYS_SEARCH_USER_PATHS = NO;
				CLANG_CXX_LANGUAGE_STANDARD = "gnu++0x";
				CLANG_CXX_LIBRARY = "libc++";
				CLANG_ENABLE_MODULES = YES;
				CLANG_ENABLE_OBJC_ARC = YES;
				CLANG_WARN_BOOL_CONVERSION = YES;
				CLANG_WARN_CONSTANT_CONVERSION = YES;
				CLANG_WARN_DIRECT_OBJC_ISA_USAGE = YES_ERROR;
				CLANG_WARN_EMPTY_BODY = YES;
				CLANG_WARN_ENUM_CONVERSION = YES;
				CLANG_WARN_INT_CONVERSION = YES;
				CLANG_WARN_OBJC_ROOT_CLASS = YES_ERROR;
				CLANG_WARN_UNREACHABLE_CODE = YES;
				CLANG_WARN__DUPLICATE_METHOD_MATCH = YES;
				"CODE_SIGN_IDENTITY[sdk=iphoneos*]" = "iPhone Developer";
				COPY_PHASE_STRIP = NO;
				DEBUG_INFORMATION_FORMAT = dwarf;
				ENABLE_STRICT_OBJC_MSGSEND = YES;
				ENABLE_TESTABILITY = YES;
				GCC_C_LANGUAGE_STANDARD = gnu99;
				GCC_DYNAMIC_NO_PIC = NO;
				GCC_NO_COMMON_BLOCKS = YES;
				GCC_OPTIMIZATION_LEVEL = 0;
				GCC_PREPROCESSOR_DEFINITIONS = (
					"DEBUG=1",
					"$(inherited)",
				);
				GCC_WARN_64_TO_32_BIT_CONVERSION = YES;
				GCC_WARN_ABOUT_RETURN_TYPE = YES_ERROR;
				GCC_WARN_UNDECLARED_SELECTOR = YES;
				GCC_WARN_UNINITIALIZED_AUTOS = YES_AGGRESSIVE;
				GCC_WARN_UNUSED_FUNCTION = YES;
				GCC_WARN_UNUSED_VARIABLE = YES;
				IPHONEOS_DEPLOYMENT_TARGET = 9.2;
				MTL_ENABLE_DEBUG_INFO = YES;
				ONLY_ACTIVE_ARCH = YES;
				SDKROOT = iphoneos;
			};
			name = Debug;
		};
		3E2483391C9ACF0500C167EA /* Release */ = {
			isa = XCBuildConfiguration;
			buildSettings = {
				ALWAYS_SEARCH_USER_PATHS = NO;
				CLANG_CXX_LANGUAGE_STANDARD = "gnu++0x";
				CLANG_CXX_LIBRARY = "libc++";
				CLANG_ENABLE_MODULES = YES;
				CLANG_ENABLE_OBJC_ARC = YES;
				CLANG_WARN_BOOL_CONVERSION = YES;
				CLANG_WARN_CONSTANT_CONVERSION = YES;
				CLANG_WARN_DIRECT_OBJC_ISA_USAGE = YES_ERROR;
				CLANG_WARN_EMPTY_BODY = YES;
				CLANG_WARN_ENUM_CONVERSION = YES;
				CLANG_WARN_INT_CONVERSION = YES;
				CLANG_WARN_OBJC_ROOT_CLASS = YES_ERROR;
				CLANG_WARN_UNREACHABLE_CODE = YES;
				CLANG_WARN__DUPLICATE_METHOD_MATCH = YES;
				"CODE_SIGN_IDENTITY[sdk=iphoneos*]" = "iPhone Developer";
				COPY_PHASE_STRIP = NO;
				DEBUG_INFORMATION_FORMAT = "dwarf-with-dsym";
				ENABLE_NS_ASSERTIONS = NO;
				ENABLE_STRICT_OBJC_MSGSEND = YES;
				GCC_C_LANGUAGE_STANDARD = gnu99;
				GCC_NO_COMMON_BLOCKS = YES;
				GCC_WARN_64_TO_32_BIT_CONVERSION = YES;
				GCC_WARN_ABOUT_RETURN_TYPE = YES_ERROR;
				GCC_WARN_UNDECLARED_SELECTOR = YES;
				GCC_WARN_UNINITIALIZED_AUTOS = YES_AGGRESSIVE;
				GCC_WARN_UNUSED_FUNCTION = YES;
				GCC_WARN_UNUSED_VARIABLE = YES;
				IPHONEOS_DEPLOYMENT_TARGET = 9.2;
				MTL_ENABLE_DEBUG_INFO = NO;
				SDKROOT = iphoneos;
				VALIDATE_PRODUCT = YES;
			};
			name = Release;
		};
		3E24833B1C9ACF0500C167EA /* Debug */ = {
			isa = XCBuildConfiguration;
			buildSettings = {
				ASSETCATALOG_COMPILER_APPICON_NAME = AppIcon;
				INFOPLIST_FILE = MessagesCollectionView/Info.plist;
				IPHONEOS_DEPLOYMENT_TARGET = 8.1;
				LD_RUNPATH_SEARCH_PATHS = "$(inherited) @executable_path/Frameworks";
				PRODUCT_BUNDLE_IDENTIFIER = AL.MessagesCollectionView;
				PRODUCT_NAME = "$(TARGET_NAME)";
			};
			name = Debug;
		};
		3E24833C1C9ACF0500C167EA /* Release */ = {
			isa = XCBuildConfiguration;
			buildSettings = {
				ASSETCATALOG_COMPILER_APPICON_NAME = AppIcon;
				INFOPLIST_FILE = MessagesCollectionView/Info.plist;
				IPHONEOS_DEPLOYMENT_TARGET = 8.1;
				LD_RUNPATH_SEARCH_PATHS = "$(inherited) @executable_path/Frameworks";
				PRODUCT_BUNDLE_IDENTIFIER = AL.MessagesCollectionView;
				PRODUCT_NAME = "$(TARGET_NAME)";
			};
			name = Release;
		};
		3E24833E1C9ACF0500C167EA /* Debug */ = {
			isa = XCBuildConfiguration;
			baseConfigurationReference = 2980EC3E722C602727755BFF /* Pods-MessagesCollectionViewTests.debug.xcconfig */;
			buildSettings = {
				BUNDLE_LOADER = "$(TEST_HOST)";
				INFOPLIST_FILE = MessagesCollectionViewTests/Info.plist;
				LD_RUNPATH_SEARCH_PATHS = "$(inherited) @executable_path/Frameworks @loader_path/Frameworks";
				PRODUCT_BUNDLE_IDENTIFIER = AL.MessagesCollectionViewTests;
				PRODUCT_NAME = "$(TARGET_NAME)";
				TEST_HOST = "$(BUILT_PRODUCTS_DIR)/MessagesCollectionView.app/MessagesCollectionView";
			};
			name = Debug;
		};
		3E24833F1C9ACF0500C167EA /* Release */ = {
			isa = XCBuildConfiguration;
			baseConfigurationReference = B8743E43CE2E842D10D30576 /* Pods-MessagesCollectionViewTests.release.xcconfig */;
			buildSettings = {
				BUNDLE_LOADER = "$(TEST_HOST)";
				INFOPLIST_FILE = MessagesCollectionViewTests/Info.plist;
				LD_RUNPATH_SEARCH_PATHS = "$(inherited) @executable_path/Frameworks @loader_path/Frameworks";
				PRODUCT_BUNDLE_IDENTIFIER = AL.MessagesCollectionViewTests;
				PRODUCT_NAME = "$(TARGET_NAME)";
				TEST_HOST = "$(BUILT_PRODUCTS_DIR)/MessagesCollectionView.app/MessagesCollectionView";
			};
			name = Release;
		};
/* End XCBuildConfiguration section */

/* Begin XCConfigurationList section */
		3E2483131C9ACF0400C167EA /* Build configuration list for PBXProject "MessagesCollectionView" */ = {
			isa = XCConfigurationList;
			buildConfigurations = (
				3E2483381C9ACF0500C167EA /* Debug */,
				3E2483391C9ACF0500C167EA /* Release */,
			);
			defaultConfigurationIsVisible = 0;
			defaultConfigurationName = Release;
		};
		3E24833A1C9ACF0500C167EA /* Build configuration list for PBXNativeTarget "MessagesCollectionView" */ = {
			isa = XCConfigurationList;
			buildConfigurations = (
				3E24833B1C9ACF0500C167EA /* Debug */,
				3E24833C1C9ACF0500C167EA /* Release */,
			);
			defaultConfigurationIsVisible = 0;
			defaultConfigurationName = Release;
		};
		3E24833D1C9ACF0500C167EA /* Build configuration list for PBXNativeTarget "MessagesCollectionViewTests" */ = {
			isa = XCConfigurationList;
			buildConfigurations = (
				3E24833E1C9ACF0500C167EA /* Debug */,
				3E24833F1C9ACF0500C167EA /* Release */,
			);
			defaultConfigurationIsVisible = 0;
			defaultConfigurationName = Release;
		};
/* End XCConfigurationList section */
	};
	rootObject = 3E2483101C9ACF0400C167EA /* Project object */;
}
